{
  "name": "wutan-bath",
  "requires": true,
  "lockfileVersion": 1,
  "dependencies": {
    "sanitize.css": {
      "version": "8.0.1",
      "resolved": "https://registry.npmjs.org/sanitize.css/-/sanitize.css-8.0.1.tgz",
      "integrity": "sha512-5Gsh+BmqyhixJIh68mpP1NkiiKNTeQi9WPQvdVPxfcFIkiuXKcDkKHhYekxheK45KI52bIUC/FXK8R5HGOza5Q=="
    }
  }
}
